{
  "name": "hello-wx",
  "lockfileVersion": 3,
  "requires": true,
  "packages": {
    "": {
      "dependencies": {
        "@rongcloud/engine": "^5.26.2",
        "@rongcloud/imlib-next": "^5.26.2"
      }
    },
    "node_modules/@rongcloud/engine": {
      "version": "5.26.2",
      "resolved": "https://registry.npmmirror.com/@rongcloud/engine/-/engine-5.26.2.tgz",
      "integrity": "sha512-5cegq2ABdBWY8qfo6Ho7ZeFWboVSE19KpnsuRlaivLx3Hi2zHqPWbNWGZ9vrHMblE4/9Bam2YF7rLRVLY4eITg==",
      "license": "LGPL 2.1"
    },
    "node_modules/@rongcloud/imlib-next": {
      "version": "5.26.2",
      "resolved": "https://registry.npmmirror.com/@rongcloud/imlib-next/-/imlib-next-5.26.2.tgz",
      "integrity": "sha512-kVgrFsw1j2Fd39SdSsLgZeNsyqZB41Vk7/MLevWWVC+UVXMDzQZsOzNMMvdaXpyiXZOjO8Z2TSfy5c8HiOVIpA==",
      "license": "LGPL 2.1",
      "peerDependencies": {
        "@rongcloud/engine": "=5.26.2"
      }
    }
  }
}
